// !$*UTF8*$!
{
	archiveVersion = 1;
	classes = {
	};
	objectVersion = 46;
	objects = {

/* Begin PBXBuildFile section */
		1B515C961910F803006CAF8A /* Security.framework in Frameworks */ = {isa = PBXBuildFile; fileRef = 1B515C951910F803006CAF8A /* Security.framework */; };
		1B515C9D1910FBFA006CAF8A /* AppDelegate.m in Sources */ = {isa = PBXBuildFile; fileRef = 1B515C991910FBFA006CAF8A /* AppDelegate.m */; };
		1B515C9E1910FBFA006CAF8A /* MainViewController.m in Sources */ = {isa = PBXBuildFile; fileRef = 1B515C9B1910FBFA006CAF8A /* MainViewController.m */; };
		1B515C9F1910FBFA006CAF8A /* MainViewController.xib in Resources */ = {isa = PBXBuildFile; fileRef = 1B515C9C1910FBFA006CAF8A /* MainViewController.xib */; };
		1B515CA11910FC0A006CAF8A /* config.xml in Resources */ = {isa = PBXBuildFile; fileRef = 1B515CA01910FC0A006CAF8A /* config.xml */; };
		1B515CCD1910FC42006CAF8A /* icon-40.png in Resources */ = {isa = PBXBuildFile; fileRef = 1B515CB11910FC42006CAF8A /* icon-40.png */; };
		1B515CCE1910FC42006CAF8A /* icon-40@2x.png in Resources */ = {isa = PBXBuildFile; fileRef = 1B515CB21910FC42006CAF8A /* icon-40@2x.png */; };
		1B515CCF1910FC42006CAF8A /* icon-50.png in Resources */ = {isa = PBXBuildFile; fileRef = 1B515CB31910FC42006CAF8A /* icon-50.png */; };
		1B515CD01910FC42006CAF8A /* icon-50@2x.png in Resources */ = {isa = PBXBuildFile; fileRef = 1B515CB41910FC42006CAF8A /* icon-50@2x.png */; };
		1B515CD11910FC42006CAF8A /* icon-60.png in Resources */ = {isa = PBXBuildFile; fileRef = 1B515CB51910FC42006CAF8A /* icon-60.png */; };
		1B515CD21910FC42006CAF8A /* icon-60@2x.png in Resources */ = {isa = PBXBuildFile; fileRef = 1B515CB61910FC42006CAF8A /* icon-60@2x.png */; };
		1B515CD31910FC42006CAF8A /* icon-72.png in Resources */ = {isa = PBXBuildFile; fileRef = 1B515CB71910FC42006CAF8A /* icon-72.png */; };
		1B515CD41910FC42006CAF8A /* icon-72@2x.png in Resources */ = {isa = PBXBuildFile; fileRef = 1B515CB81910FC42006CAF8A /* icon-72@2x.png */; };
		1B515CD51910FC42006CAF8A /* icon-76.png in Resources */ = {isa = PBXBuildFile; fileRef = 1B515CB91910FC42006CAF8A /* icon-76.png */; };
		1B515CD61910FC42006CAF8A /* icon-76@2x.png in Resources */ = {isa = PBXBuildFile; fileRef = 1B515CBA1910FC42006CAF8A /* icon-76@2x.png */; };
		1B515CD71910FC42006CAF8A /* icon-small.png in Resources */ = {isa = PBXBuildFile; fileRef = 1B515CBB1910FC42006CAF8A /* icon-small.png */; };
		1B515CD81910FC42006CAF8A /* icon-small@2x.png in Resources */ = {isa = PBXBuildFile; fileRef = 1B515CBC1910FC42006CAF8A /* icon-small@2x.png */; };
		1B515CD91910FC42006CAF8A /* icon.png in Resources */ = {isa = PBXBuildFile; fileRef = 1B515CBD1910FC42006CAF8A /* icon.png */; };
		1B515CDA1910FC42006CAF8A /* icon@2x.png in Resources */ = {isa = PBXBuildFile; fileRef = 1B515CBE1910FC42006CAF8A /* icon@2x.png */; };
		1B515CDC1910FC42006CAF8A /* Default-568h@2x~iphone.png in Resources */ = {isa = PBXBuildFile; fileRef = 1B515CC31910FC42006CAF8A /* Default-568h@2x~iphone.png */; };
		1B515CDD1910FC42006CAF8A /* Default-Landscape@2x~ipad.png in Resources */ = {isa = PBXBuildFile; fileRef = 1B515CC41910FC42006CAF8A /* Default-Landscape@2x~ipad.png */; };
		1B515CDE1910FC42006CAF8A /* Default-Landscape~ipad.png in Resources */ = {isa = PBXBuildFile; fileRef = 1B515CC51910FC42006CAF8A /* Default-Landscape~ipad.png */; };
		1B515CDF1910FC42006CAF8A /* Default-Portrait@2x~ipad.png in Resources */ = {isa = PBXBuildFile; fileRef = 1B515CC61910FC42006CAF8A /* Default-Portrait@2x~ipad.png */; };
		1B515CE01910FC42006CAF8A /* Default-Portrait~ipad.png in Resources */ = {isa = PBXBuildFile; fileRef = 1B515CC71910FC42006CAF8A /* Default-Portrait~ipad.png */; };
		1B515CE11910FC42006CAF8A /* Default@2x~iphone.png in Resources */ = {isa = PBXBuildFile; fileRef = 1B515CC81910FC42006CAF8A /* Default@2x~iphone.png */; };
		1B515CE21910FC42006CAF8A /* Default~iphone.png in Resources */ = {isa = PBXBuildFile; fileRef = 1B515CC91910FC42006CAF8A /* Default~iphone.png */; };
		1B515CE51910FC58006CAF8A /* PushNotification.m in Sources */ = {isa = PBXBuildFile; fileRef = 1B515CE41910FC58006CAF8A /* PushNotification.m */; };
		1B515CE71910FC5D006CAF8A /* Pushwoosh.framework in Frameworks */ = {isa = PBXBuildFile; fileRef = 1B515CE61910FC5D006CAF8A /* Pushwoosh.framework */; };
		1B515CE91910FC8E006CAF8A /* main.m in Sources */ = {isa = PBXBuildFile; fileRef = 1B515CE81910FC8E006CAF8A /* main.m */; };
		288765FD0DF74451002DB57D /* CoreGraphics.framework in Frameworks */ = {isa = PBXBuildFile; fileRef = 288765FC0DF74451002DB57D /* CoreGraphics.framework */; };
		301BF552109A68D80062928A /* libCordova.a in Frameworks */ = {isa = PBXBuildFile; fileRef = 301BF535109A57CC0062928A /* libCordova.a */; };
		305D5FD1115AB8F900A74A75 /* MobileCoreServices.framework in Frameworks */ = {isa = PBXBuildFile; fileRef = 305D5FD0115AB8F900A74A75 /* MobileCoreServices.framework */; };
		5AEE5B35173C68D80009041E /* CoreLocation.framework in Frameworks */ = {isa = PBXBuildFile; fileRef = 5AEE5B34173C68D80009041E /* CoreLocation.framework */; };
		5B1594DD16A7569C00FEF299 /* AssetsLibrary.framework in Frameworks */ = {isa = PBXBuildFile; fileRef = 5B1594DC16A7569C00FEF299 /* AssetsLibrary.framework */; };
		D548F92E652143F3B227980B /* AdSupport.framework in Frameworks */ = {isa = PBXBuildFile; fileRef = F5044099329743E5A249D778 /* AdSupport.framework */; };
/* End PBXBuildFile section */

/* Begin PBXContainerItemProxy section */
		301BF534109A57CC0062928A /* PBXContainerItemProxy */ = {
			isa = PBXContainerItemProxy;
			containerPortal = 301BF52D109A57CC0062928A /* CordovaLib.xcodeproj */;
			proxyType = 2;
			remoteGlobalIDString = D2AAC07E0554694100DB518D;
			remoteInfo = CordovaLib;
		};
		301BF550109A68C00062928A /* PBXContainerItemProxy */ = {
			isa = PBXContainerItemProxy;
			containerPortal = 301BF52D109A57CC0062928A /* CordovaLib.xcodeproj */;
			proxyType = 1;
			remoteGlobalIDString = D2AAC07D0554694100DB518D;
			remoteInfo = CordovaLib;
		};
/* End PBXContainerItemProxy section */

/* Begin PBXFileReference section */
		1B515C951910F803006CAF8A /* Security.framework */ = {isa = PBXFileReference; lastKnownFileType = wrapper.framework; name = Security.framework; path = System/Library/Frameworks/Security.framework; sourceTree = SDKROOT; };
		1B515C981910FBFA006CAF8A /* AppDelegate.h */ = {isa = PBXFileReference; fileEncoding = 4; lastKnownFileType = sourcecode.c.h; name = AppDelegate.h; path = "PhoneGap-Push/Classes/AppDelegate.h"; sourceTree = SOURCE_ROOT; };
		1B515C991910FBFA006CAF8A /* AppDelegate.m */ = {isa = PBXFileReference; fileEncoding = 4; lastKnownFileType = sourcecode.c.objc; name = AppDelegate.m; path = "PhoneGap-Push/Classes/AppDelegate.m"; sourceTree = SOURCE_ROOT; };
		1B515C9A1910FBFA006CAF8A /* MainViewController.h */ = {isa = PBXFileReference; fileEncoding = 4; lastKnownFileType = sourcecode.c.h; name = MainViewController.h; path = "PhoneGap-Push/Classes/MainViewController.h"; sourceTree = SOURCE_ROOT; };
		1B515C9B1910FBFA006CAF8A /* MainViewController.m */ = {isa = PBXFileReference; fileEncoding = 4; lastKnownFileType = sourcecode.c.objc; name = MainViewController.m; path = "PhoneGap-Push/Classes/MainViewController.m"; sourceTree = SOURCE_ROOT; };
		1B515C9C1910FBFA006CAF8A /* MainViewController.xib */ = {isa = PBXFileReference; fileEncoding = 4; lastKnownFileType = file.xib; name = MainViewController.xib; path = "PhoneGap-Push/Classes/MainViewController.xib"; sourceTree = SOURCE_ROOT; };
		1B515CA01910FC0A006CAF8A /* config.xml */ = {isa = PBXFileReference; fileEncoding = 4; lastKnownFileType = text.xml; name = config.xml; path = "PhoneGap-Push/config.xml"; sourceTree = "<group>"; };
		1B515CA31910FC14006CAF8A /* PhoneGap-Push-Prefix.pch */ = {isa = PBXFileReference; fileEncoding = 4; lastKnownFileType = sourcecode.c.h; name = "PhoneGap-Push-Prefix.pch"; path = "PhoneGap-Push/PhoneGap-Push-Prefix.pch"; sourceTree = SOURCE_ROOT; };
		1B515CA51910FC36006CAF8A /* PhoneGap-Push-Info.plist */ = {isa = PBXFileReference; fileEncoding = 4; lastKnownFileType = text.plist.xml; name = "PhoneGap-Push-Info.plist"; path = "PhoneGap-Push/PhoneGap-Push-Info.plist"; sourceTree = SOURCE_ROOT; };
		1B515CB11910FC42006CAF8A /* icon-40.png */ = {isa = PBXFileReference; lastKnownFileType = image.png; path = "icon-40.png"; sourceTree = "<group>"; };
		1B515CB21910FC42006CAF8A /* icon-40@2x.png */ = {isa = PBXFileReference; lastKnownFileType = image.png; path = "icon-40@2x.png"; sourceTree = "<group>"; };
		1B515CB31910FC42006CAF8A /* icon-50.png */ = {isa = PBXFileReference; lastKnownFileType = image.png; path = "icon-50.png"; sourceTree = "<group>"; };
		1B515CB41910FC42006CAF8A /* icon-50@2x.png */ = {isa = PBXFileReference; lastKnownFileType = image.png; path = "icon-50@2x.png"; sourceTree = "<group>"; };
		1B515CB51910FC42006CAF8A /* icon-60.png */ = {isa = PBXFileReference; lastKnownFileType = image.png; path = "icon-60.png"; sourceTree = "<group>"; };
		1B515CB61910FC42006CAF8A /* icon-60@2x.png */ = {isa = PBXFileReference; lastKnownFileType = image.png; path = "icon-60@2x.png"; sourceTree = "<group>"; };
		1B515CB71910FC42006CAF8A /* icon-72.png */ = {isa = PBXFileReference; lastKnownFileType = image.png; path = "icon-72.png"; sourceTree = "<group>"; };
		1B515CB81910FC42006CAF8A /* icon-72@2x.png */ = {isa = PBXFileReference; lastKnownFileType = image.png; path = "icon-72@2x.png"; sourceTree = "<group>"; };
		1B515CB91910FC42006CAF8A /* icon-76.png */ = {isa = PBXFileReference; lastKnownFileType = image.png; path = "icon-76.png"; sourceTree = "<group>"; };
		1B515CBA1910FC42006CAF8A /* icon-76@2x.png */ = {isa = PBXFileReference; lastKnownFileType = image.png; path = "icon-76@2x.png"; sourceTree = "<group>"; };
		1B515CBB1910FC42006CAF8A /* icon-small.png */ = {isa = PBXFileReference; lastKnownFileType = image.png; path = "icon-small.png"; sourceTree = "<group>"; };
		1B515CBC1910FC42006CAF8A /* icon-small@2x.png */ = {isa = PBXFileReference; lastKnownFileType = image.png; path = "icon-small@2x.png"; sourceTree = "<group>"; };
		1B515CBD1910FC42006CAF8A /* icon.png */ = {isa = PBXFileReference; lastKnownFileType = image.png; path = icon.png; sourceTree = "<group>"; };
		1B515CBE1910FC42006CAF8A /* icon@2x.png */ = {isa = PBXFileReference; lastKnownFileType = image.png; path = "icon@2x.png"; sourceTree = "<group>"; };
		1B515CC31910FC42006CAF8A /* Default-568h@2x~iphone.png */ = {isa = PBXFileReference; lastKnownFileType = image.png; path = "Default-568h@2x~iphone.png"; sourceTree = "<group>"; };
		1B515CC41910FC42006CAF8A /* Default-Landscape@2x~ipad.png */ = {isa = PBXFileReference; lastKnownFileType = image.png; path = "Default-Landscape@2x~ipad.png"; sourceTree = "<group>"; };
		1B515CC51910FC42006CAF8A /* Default-Landscape~ipad.png */ = {isa = PBXFileReference; lastKnownFileType = image.png; path = "Default-Landscape~ipad.png"; sourceTree = "<group>"; };
		1B515CC61910FC42006CAF8A /* Default-Portrait@2x~ipad.png */ = {isa = PBXFileReference; lastKnownFileType = image.png; path = "Default-Portrait@2x~ipad.png"; sourceTree = "<group>"; };
		1B515CC71910FC42006CAF8A /* Default-Portrait~ipad.png */ = {isa = PBXFileReference; lastKnownFileType = image.png; path = "Default-Portrait~ipad.png"; sourceTree = "<group>"; };
		1B515CC81910FC42006CAF8A /* Default@2x~iphone.png */ = {isa = PBXFileReference; lastKnownFileType = image.png; path = "Default@2x~iphone.png"; sourceTree = "<group>"; };
		1B515CC91910FC42006CAF8A /* Default~iphone.png */ = {isa = PBXFileReference; lastKnownFileType = image.png; path = "Default~iphone.png"; sourceTree = "<group>"; };
		1B515CE31910FC58006CAF8A /* PushNotification.h */ = {isa = PBXFileReference; fileEncoding = 4; lastKnownFileType = sourcecode.c.h; name = PushNotification.h; path = "PhoneGap-Push/Plugins/com.pushwoosh.plugins.pushwoosh/ios/PushNotification.h"; sourceTree = SOURCE_ROOT; };
		1B515CE41910FC58006CAF8A /* PushNotification.m */ = {isa = PBXFileReference; fileEncoding = 4; lastKnownFileType = sourcecode.c.objc; name = PushNotification.m; path = "PhoneGap-Push/Plugins/com.pushwoosh.plugins.pushwoosh/ios/PushNotification.m"; sourceTree = SOURCE_ROOT; };
		1B515CE61910FC5D006CAF8A /* Pushwoosh.framework */ = {isa = PBXFileReference; lastKnownFileType = wrapper.framework; name = Pushwoosh.framework; path = "PhoneGap-Push/Plugins/com.pushwoosh.plugins.pushwoosh/ios/Pushwoosh.framework"; sourceTree = "<group>"; };
		1B515CE81910FC8E006CAF8A /* main.m */ = {isa = PBXFileReference; fileEncoding = 4; lastKnownFileType = sourcecode.c.objc; name = main.m; path = "PhoneGap-Push/main.m"; sourceTree = SOURCE_ROOT; };
		1D6058910D05DD3D006BFB54 /* PhoneGap-Push.app */ = {isa = PBXFileReference; explicitFileType = wrapper.application; includeInIndex = 0; path = "PhoneGap-Push.app"; sourceTree = BUILT_PRODUCTS_DIR; };
		288765FC0DF74451002DB57D /* CoreGraphics.framework */ = {isa = PBXFileReference; lastKnownFileType = wrapper.framework; name = CoreGraphics.framework; path = System/Library/Frameworks/CoreGraphics.framework; sourceTree = SDKROOT; };
		301BF52D109A57CC0062928A /* CordovaLib.xcodeproj */ = {isa = PBXFileReference; lastKnownFileType = "wrapper.pb-project"; name = CordovaLib.xcodeproj; path = CordovaLib/CordovaLib.xcodeproj; sourceTree = "<group>"; };
		301BF56E109A69640062928A /* www */ = {isa = PBXFileReference; lastKnownFileType = folder; path = www; sourceTree = SOURCE_ROOT; };
		305D5FD0115AB8F900A74A75 /* MobileCoreServices.framework */ = {isa = PBXFileReference; lastKnownFileType = wrapper.framework; name = MobileCoreServices.framework; path = System/Library/Frameworks/MobileCoreServices.framework; sourceTree = SDKROOT; };
		5AEE5B34173C68D80009041E /* CoreLocation.framework */ = {isa = PBXFileReference; lastKnownFileType = wrapper.framework; name = CoreLocation.framework; path = System/Library/Frameworks/CoreLocation.framework; sourceTree = SDKROOT; };
		5B1594DC16A7569C00FEF299 /* AssetsLibrary.framework */ = {isa = PBXFileReference; lastKnownFileType = wrapper.framework; name = AssetsLibrary.framework; path = System/Library/Frameworks/AssetsLibrary.framework; sourceTree = SDKROOT; };
		F5044099329743E5A249D778 /* AdSupport.framework */ = {isa = PBXFileReference; fileEncoding = 4; lastKnownFileType = wrapper.framework; name = AdSupport.framework; path = System/Library/Frameworks/AdSupport.framework; sourceTree = SDKROOT; };
/* End PBXFileReference section */

/* Begin PBXFrameworksBuildPhase section */
		1D60588F0D05DD3D006BFB54 /* Frameworks */ = {
			isa = PBXFrameworksBuildPhase;
			buildActionMask = 2147483647;
			files = (
				1B515C961910F803006CAF8A /* Security.framework in Frameworks */,
				5B1594DD16A7569C00FEF299 /* AssetsLibrary.framework in Frameworks */,
				301BF552109A68D80062928A /* libCordova.a in Frameworks */,
				288765FD0DF74451002DB57D /* CoreGraphics.framework in Frameworks */,
				305D5FD1115AB8F900A74A75 /* MobileCoreServices.framework in Frameworks */,
				5AEE5B35173C68D80009041E /* CoreLocation.framework in Frameworks */,
				D548F92E652143F3B227980B /* AdSupport.framework in Frameworks */,
				1B515CE71910FC5D006CAF8A /* Pushwoosh.framework in Frameworks */,
			);
			runOnlyForDeploymentPostprocessing = 0;
		};
/* End PBXFrameworksBuildPhase section */

/* Begin PBXGroup section */
		080E96DDFE201D6D7F000001 /* Classes */ = {
			isa = PBXGroup;
			children = (
				1B515C981910FBFA006CAF8A /* AppDelegate.h */,
				1B515C991910FBFA006CAF8A /* AppDelegate.m */,
				1B515C9A1910FBFA006CAF8A /* MainViewController.h */,
				1B515C9B1910FBFA006CAF8A /* MainViewController.m */,
				1B515C9C1910FBFA006CAF8A /* MainViewController.xib */,
			);
			name = Classes;
			path = "PhoneGap-iPhone-Sample/Classes";
			sourceTree = SOURCE_ROOT;
		};
		19C28FACFE9D520D11CA2CBB /* Products */ = {
			isa = PBXGroup;
			children = (
				1D6058910D05DD3D006BFB54 /* PhoneGap-Push.app */,
			);
			name = Products;
			sourceTree = "<group>";
		};
		1B515CB01910FC42006CAF8A /* icons */ = {
			isa = PBXGroup;
			children = (
				1B515CB11910FC42006CAF8A /* icon-40.png */,
				1B515CB21910FC42006CAF8A /* icon-40@2x.png */,
				1B515CB31910FC42006CAF8A /* icon-50.png */,
				1B515CB41910FC42006CAF8A /* icon-50@2x.png */,
				1B515CB51910FC42006CAF8A /* icon-60.png */,
				1B515CB61910FC42006CAF8A /* icon-60@2x.png */,
				1B515CB71910FC42006CAF8A /* icon-72.png */,
				1B515CB81910FC42006CAF8A /* icon-72@2x.png */,
				1B515CB91910FC42006CAF8A /* icon-76.png */,
				1B515CBA1910FC42006CAF8A /* icon-76@2x.png */,
				1B515CBB1910FC42006CAF8A /* icon-small.png */,
				1B515CBC1910FC42006CAF8A /* icon-small@2x.png */,
				1B515CBD1910FC42006CAF8A /* icon.png */,
				1B515CBE1910FC42006CAF8A /* icon@2x.png */,
			);
			name = icons;
			path = "PhoneGap-Push/Resources/icons";
			sourceTree = SOURCE_ROOT;
		};
		1B515CC21910FC42006CAF8A /* splash */ = {
			isa = PBXGroup;
			children = (
				1B515CC31910FC42006CAF8A /* Default-568h@2x~iphone.png */,
				1B515CC41910FC42006CAF8A /* Default-Landscape@2x~ipad.png */,
				1B515CC51910FC42006CAF8A /* Default-Landscape~ipad.png */,
				1B515CC61910FC42006CAF8A /* Default-Portrait@2x~ipad.png */,
				1B515CC71910FC42006CAF8A /* Default-Portrait~ipad.png */,
				1B515CC81910FC42006CAF8A /* Default@2x~iphone.png */,
				1B515CC91910FC42006CAF8A /* Default~iphone.png */,
			);
			name = splash;
			path = "PhoneGap-Push/Resources/splash";
			sourceTree = SOURCE_ROOT;
		};
		29B97314FDCFA39411CA2CEA /* CustomTemplate */ = {
			isa = PBXGroup;
			children = (
				1B515CA01910FC0A006CAF8A /* config.xml */,
				301BF56E109A69640062928A /* www */,
				301BF52D109A57CC0062928A /* CordovaLib.xcodeproj */,
				080E96DDFE201D6D7F000001 /* Classes */,
				307C750510C5A3420062BCA9 /* Plugins */,
				29B97315FDCFA39411CA2CEA /* Other Sources */,
				29B97317FDCFA39411CA2CEA /* Resources */,
				29B97323FDCFA39411CA2CEA /* Frameworks */,
				19C28FACFE9D520D11CA2CBB /* Products */,
			);
			name = CustomTemplate;
			sourceTree = "<group>";
		};
		29B97315FDCFA39411CA2CEA /* Other Sources */ = {
			isa = PBXGroup;
			children = (
				1B515CE81910FC8E006CAF8A /* main.m */,
				1B515CA31910FC14006CAF8A /* PhoneGap-Push-Prefix.pch */,
			);
			name = "Other Sources";
			path = "PhoneGap-iPhone-Sample";
			sourceTree = "<group>";
		};
		29B97317FDCFA39411CA2CEA /* Resources */ = {
			isa = PBXGroup;
			children = (
				1B515CB01910FC42006CAF8A /* icons */,
				1B515CC21910FC42006CAF8A /* splash */,
				1B515CA51910FC36006CAF8A /* PhoneGap-Push-Info.plist */,
			);
			name = Resources;
			path = "PhoneGap-iPhone-Sample/Resources";
			sourceTree = "<group>";
		};
		29B97323FDCFA39411CA2CEA /* Frameworks */ = {
			isa = PBXGroup;
			children = (
				1B515CE61910FC5D006CAF8A /* Pushwoosh.framework */,
				1B515C951910F803006CAF8A /* Security.framework */,
				5AEE5B34173C68D80009041E /* CoreLocation.framework */,
				5B1594DC16A7569C00FEF299 /* AssetsLibrary.framework */,
				288765FC0DF74451002DB57D /* CoreGraphics.framework */,
				305D5FD0115AB8F900A74A75 /* MobileCoreServices.framework */,
				F5044099329743E5A249D778 /* AdSupport.framework */,
			);
			name = Frameworks;
			sourceTree = "<group>";
		};
		301BF52E109A57CC0062928A /* Products */ = {
			isa = PBXGroup;
			children = (
				301BF535109A57CC0062928A /* libCordova.a */,
			);
			name = Products;
			sourceTree = "<group>";
		};
		307C750510C5A3420062BCA9 /* Plugins */ = {
			isa = PBXGroup;
			children = (
				1B515CE31910FC58006CAF8A /* PushNotification.h */,
				1B515CE41910FC58006CAF8A /* PushNotification.m */,
			);
			name = Plugins;
			path = "PhoneGap-iPhone-Sample/Plugins";
			sourceTree = SOURCE_ROOT;
		};
/* End PBXGroup section */

/* Begin PBXNativeTarget section */
		1D6058900D05DD3D006BFB54 /* PhoneGap-Push */ = {
			isa = PBXNativeTarget;
			buildConfigurationList = 1D6058960D05DD3E006BFB54 /* Build configuration list for PBXNativeTarget "PhoneGap-Push" */;
			buildPhases = (
				304B58A110DAC018002A0835 /* Copy www directory */,
				1D60588D0D05DD3D006BFB54 /* Resources */,
				1D60588E0D05DD3D006BFB54 /* Sources */,
				1D60588F0D05DD3D006BFB54 /* Frameworks */,
			);
			buildRules = (
			);
			dependencies = (
				301BF551109A68C00062928A /* PBXTargetDependency */,
			);
			name = "PhoneGap-Push";
			productName = "PhoneGap-iPhone-Sample";
			productReference = 1D6058910D05DD3D006BFB54 /* PhoneGap-Push.app */;
			productType = "com.apple.product-type.application";
		};
/* End PBXNativeTarget section */

/* Begin PBXProject section */
		29B97313FDCFA39411CA2CEA /* Project object */ = {
			isa = PBXProject;
			attributes = {
				LastUpgradeCheck = 510;
			};
			buildConfigurationList = C01FCF4E08A954540054247B /* Build configuration list for PBXProject "PhoneGap-Push" */;
			compatibilityVersion = "Xcode 3.2";
			developmentRegion = English;
			hasScannedForEncodings = 1;
			knownRegions = (
				English,
				Japanese,
				French,
				German,
				en,
				es,
				de,
				se,
			);
			mainGroup = 29B97314FDCFA39411CA2CEA /* CustomTemplate */;
			projectDirPath = "";
			projectReferences = (
				{
					ProductGroup = 301BF52E109A57CC0062928A /* Products */;
					ProjectRef = 301BF52D109A57CC0062928A /* CordovaLib.xcodeproj */;
				},
			);
			projectRoot = "";
			targets = (
				1D6058900D05DD3D006BFB54 /* PhoneGap-Push */,
			);
		};
/* End PBXProject section */

/* Begin PBXReferenceProxy section */
		301BF535109A57CC0062928A /* libCordova.a */ = {
			isa = PBXReferenceProxy;
			fileType = archive.ar;
			path = libCordova.a;
			remoteRef = 301BF534109A57CC0062928A /* PBXContainerItemProxy */;
			sourceTree = BUILT_PRODUCTS_DIR;
		};
/* End PBXReferenceProxy section */

/* Begin PBXResourcesBuildPhase section */
		1D60588D0D05DD3D006BFB54 /* Resources */ = {
			isa = PBXResourcesBuildPhase;
			buildActionMask = 2147483647;
			files = (
				1B515CD61910FC42006CAF8A /* icon-76@2x.png in Resources */,
				1B515CD81910FC42006CAF8A /* icon-small@2x.png in Resources */,
				1B515CD21910FC42006CAF8A /* icon-60@2x.png in Resources */,
				1B515CD51910FC42006CAF8A /* icon-76.png in Resources */,
				1B515CD31910FC42006CAF8A /* icon-72.png in Resources */,
				1B515CCD1910FC42006CAF8A /* icon-40.png in Resources */,
				1B515CDF1910FC42006CAF8A /* Default-Portrait@2x~ipad.png in Resources */,
				1B515CCF1910FC42006CAF8A /* icon-50.png in Resources */,
				1B515CE11910FC42006CAF8A /* Default@2x~iphone.png in Resources */,
				1B515CD11910FC42006CAF8A /* icon-60.png in Resources */,
				1B515CCE1910FC42006CAF8A /* icon-40@2x.png in Resources */,
				1B515CD41910FC42006CAF8A /* icon-72@2x.png in Resources */,
				1B515CDD1910FC42006CAF8A /* Default-Landscape@2x~ipad.png in Resources */,
				1B515CE01910FC42006CAF8A /* Default-Portrait~ipad.png in Resources */,
				1B515CA11910FC0A006CAF8A /* config.xml in Resources */,
				1B515CDE1910FC42006CAF8A /* Default-Landscape~ipad.png in Resources */,
				1B515CE21910FC42006CAF8A /* Default~iphone.png in Resources */,
				1B515CDA1910FC42006CAF8A /* icon@2x.png in Resources */,
				1B515CDC1910FC42006CAF8A /* Default-568h@2x~iphone.png in Resources */,
				1B515C9F1910FBFA006CAF8A /* MainViewController.xib in Resources */,
				1B515CD91910FC42006CAF8A /* icon.png in Resources */,
				1B515CD01910FC42006CAF8A /* icon-50@2x.png in Resources */,
				1B515CD71910FC42006CAF8A /* icon-small.png in Resources */,
			);
			runOnlyForDeploymentPostprocessing = 0;
		};
/* End PBXResourcesBuildPhase section */

/* Begin PBXShellScriptBuildPhase section */
		304B58A110DAC018002A0835 /* Copy www directory */ = {
			isa = PBXShellScriptBuildPhase;
			buildActionMask = 2147483647;
			files = (
			);
			inputPaths = (
			);
			name = "Copy www directory";
			outputPaths = (
			);
			runOnlyForDeploymentPostprocessing = 0;
			shellPath = /bin/sh;
			shellScript = "cordova/lib/copy-www-build-step.sh";
			showEnvVarsInLog = 0;
		};
/* End PBXShellScriptBuildPhase section */

/* Begin PBXSourcesBuildPhase section */
		1D60588E0D05DD3D006BFB54 /* Sources */ = {
			isa = PBXSourcesBuildPhase;
			buildActionMask = 2147483647;
			files = (
				1B515C9D1910FBFA006CAF8A /* AppDelegate.m in Sources */,
				1B515CE51910FC58006CAF8A /* PushNotification.m in Sources */,
				1B515CE91910FC8E006CAF8A /* main.m in Sources */,
				1B515C9E1910FBFA006CAF8A /* MainViewController.m in Sources */,
			);
			runOnlyForDeploymentPostprocessing = 0;
		};
/* End PBXSourcesBuildPhase section */

/* Begin PBXTargetDependency section */
		301BF551109A68C00062928A /* PBXTargetDependency */ = {
			isa = PBXTargetDependency;
			name = CordovaLib;
			targetProxy = 301BF550109A68C00062928A /* PBXContainerItemProxy */;
		};
/* End PBXTargetDependency section */

/* Begin XCBuildConfiguration section */
		1D6058940D05DD3E006BFB54 /* Debug */ = {
			isa = XCBuildConfiguration;
			buildSettings = {
				ALWAYS_SEARCH_USER_PATHS = NO;
				CLANG_ENABLE_OBJC_ARC = YES;
				COPY_PHASE_STRIP = NO;
				FRAMEWORK_SEARCH_PATHS = (
					"$(inherited)",
					"$(PROJECT_DIR)/PhoneGap-Push/Plugins/com.pushwoosh.plugins.pushwoosh/ios",
				);
				GCC_DYNAMIC_NO_PIC = NO;
				GCC_OPTIMIZATION_LEVEL = 0;
				GCC_THUMB_SUPPORT = NO;
				GCC_VERSION = "";
				INFOPLIST_FILE = "$(SRCROOT)/PhoneGap-Push/PhoneGap-Push-Info.plist";
				IPHONEOS_DEPLOYMENT_TARGET = 6.0;
				OTHER_LDFLAGS = (
					"-weak_framework",
					CoreFoundation,
					"-weak_framework",
					UIKit,
					"-weak_framework",
					AVFoundation,
					"-weak_framework",
					CoreMedia,
					"-weak-lSystem",
					"-force_load",
					"\"$(BUILT_PRODUCTS_DIR)/libCordova.a\"",
					"-ObjC",
				);
				PRODUCT_NAME = "PhoneGap-Push";
				TARGETED_DEVICE_FAMILY = "1,2";
			};
			name = Debug;
		};
		1D6058950D05DD3E006BFB54 /* Release */ = {
			isa = XCBuildConfiguration;
			buildSettings = {
				ALWAYS_SEARCH_USER_PATHS = NO;
				CLANG_ENABLE_OBJC_ARC = YES;
				COPY_PHASE_STRIP = YES;
				FRAMEWORK_SEARCH_PATHS = (
					"$(inherited)",
					"$(PROJECT_DIR)/PhoneGap-Push/Plugins/com.pushwoosh.plugins.pushwoosh/ios",
				);
				GCC_THUMB_SUPPORT = NO;
				GCC_VERSION = "";
				INFOPLIST_FILE = "$(SRCROOT)/PhoneGap-Push/PhoneGap-Push-Info.plist";
				IPHONEOS_DEPLOYMENT_TARGET = 6.0;
				OTHER_LDFLAGS = (
					"-weak_framework",
					CoreFoundation,
					"-weak_framework",
					UIKit,
					"-weak_framework",
					AVFoundation,
					"-weak_framework",
					CoreMedia,
					"-weak-lSystem",
					"-force_load",
					"\"$(BUILT_PRODUCTS_DIR)/libCordova.a\"",
					"-ObjC",
				);
				PRODUCT_NAME = "PhoneGap-Push";
				TARGETED_DEVICE_FAMILY = "1,2";
			};
			name = Release;
		};
		C01FCF4F08A954540054247B /* Debug */ = {
			isa = XCBuildConfiguration;
			buildSettings = {
				CLANG_ENABLE_OBJC_ARC = YES;
				CLANG_WARN_BOOL_CONVERSION = YES;
				CLANG_WARN_CONSTANT_CONVERSION = YES;
				CLANG_WARN_EMPTY_BODY = YES;
				CLANG_WARN_ENUM_CONVERSION = YES;
				CLANG_WARN_INT_CONVERSION = YES;
				CLANG_WARN__DUPLICATE_METHOD_MATCH = YES;
				"CODE_SIGN_IDENTITY[sdk=iphoneos*]" = "iPhone Developer";
				GCC_C_LANGUAGE_STANDARD = c99;
				GCC_PREFIX_HEADER = "PhoneGap-Push/PhoneGap-Push-Prefix.pch";
				GCC_THUMB_SUPPORT = NO;
				GCC_VERSION = "";
				GCC_WARN_ABOUT_RETURN_TYPE = YES;
				GCC_WARN_UNDECLARED_SELECTOR = YES;
				GCC_WARN_UNINITIALIZED_AUTOS = YES;
				GCC_WARN_UNUSED_FUNCTION = YES;
				GCC_WARN_UNUSED_VARIABLE = YES;
				HEADER_SEARCH_PATHS = (
					"\"$(TARGET_BUILD_DIR)/usr/local/lib/include\"",
					"\"$(OBJROOT)/UninstalledProducts/include\"",
					"\"$(BUILT_PRODUCTS_DIR)\"",
				);
				IPHONEOS_DEPLOYMENT_TARGET = 6.0;
				ONLY_ACTIVE_ARCH = YES;
				OTHER_LDFLAGS = (
					"-weak_framework",
					CoreFoundation,
					"-weak_framework",
					UIKit,
					"-weak_framework",
					AVFoundation,
					"-weak_framework",
					CoreMedia,
					"-weak-lSystem",
					"-force_load",
					"\"$(BUILT_PRODUCTS_DIR)/libCordova.a\"",
					"-ObjC",
				);
				SDKROOT = iphoneos;
				SKIP_INSTALL = NO;
				USER_HEADER_SEARCH_PATHS = "";
			};
			name = Debug;
		};
		C01FCF5008A954540054247B /* Release */ = {
			isa = XCBuildConfiguration;
			buildSettings = {
				CLANG_ENABLE_OBJC_ARC = YES;
				CLANG_WARN_BOOL_CONVERSION = YES;
				CLANG_WARN_CONSTANT_CONVERSION = YES;
				CLANG_WARN_EMPTY_BODY = YES;
				CLANG_WARN_ENUM_CONVERSION = YES;
				CLANG_WARN_INT_CONVERSION = YES;
				CLANG_WARN__DUPLICATE_METHOD_MATCH = YES;
				"CODE_SIGN_IDENTITY[sdk=iphoneos*]" = "iPhone Developer";
				GCC_C_LANGUAGE_STANDARD = c99;
				GCC_PREFIX_HEADER = "PhoneGap-Push/PhoneGap-Push-Prefix.pch";
				GCC_THUMB_SUPPORT = NO;
				GCC_VERSION = "";
				GCC_WARN_ABOUT_RETURN_TYPE = YES;
				GCC_WARN_UNDECLARED_SELECTOR = YES;
				GCC_WARN_UNINITIALIZED_AUTOS = YES;
				GCC_WARN_UNUSED_FUNCTION = YES;
				GCC_WARN_UNUSED_VARIABLE = YES;
				HEADER_SEARCH_PATHS = (
					"\"$(TARGET_BUILD_DIR)/usr/local/lib/include\"",
					"\"$(OBJROOT)/UninstalledProducts/include\"",
					"\"$(BUILT_PRODUCTS_DIR)\"",
				);
				IPHONEOS_DEPLOYMENT_TARGET = 6.0;
				OTHER_LDFLAGS = (
					"-weak_framework",
					CoreFoundation,
					"-weak_framework",
					UIKit,
					"-weak_framework",
					AVFoundation,
					"-weak_framework",
					CoreMedia,
					"-weak-lSystem",
					"-force_load",
					"\"$(BUILT_PRODUCTS_DIR)/libCordova.a\"",
					"-ObjC",
				);
				SDKROOT = iphoneos;
				SKIP_INSTALL = NO;
				USER_HEADER_SEARCH_PATHS = "";
			};
			name = Release;
		};
/* End XCBuildConfiguration section */

/* Begin XCConfigurationList section */
		1D6058960D05DD3E006BFB54 /* Build configuration list for PBXNativeTarget "PhoneGap-Push" */ = {
			isa = XCConfigurationList;
			buildConfigurations = (
				1D6058940D05DD3E006BFB54 /* Debug */,
				1D6058950D05DD3E006BFB54 /* Release */,
			);
			defaultConfigurationIsVisible = 0;
			defaultConfigurationName = Release;
		};
		C01FCF4E08A954540054247B /* Build configuration list for PBXProject "PhoneGap-Push" */ = {
			isa = XCConfigurationList;
			buildConfigurations = (
				C01FCF4F08A954540054247B /* Debug */,
				C01FCF5008A954540054247B /* Release */,
			);
			defaultConfigurationIsVisible = 0;
			defaultConfigurationName = Release;
		};
/* End XCConfigurationList section */
	};
	rootObject = 29B97313FDCFA39411CA2CEA /* Project object */;
}
