
Microsoft Visual Studio Solution File, Format Version 11.00
# Visual Studio 2010
Project("{FAE04EC0-301F-11D3-BF4B-00C04F79EFBC}") = "CordovaStarter", "CordovaStarter\CordovaStarter.csproj", "{FDBED4F4-3F6A-451A-BCD1-BD69B77D8754}"
EndProject
Project("{FAE04EC0-301F-11D3-BF4B-00C04F79EFBC}") = "PushSDK", "PushSDK\PushSDK.csproj", "{038DA9F9-D982-4ADF-852C-D68C8894705E}"
EndProject
Global
	GlobalSection(SolutionConfigurationPlatforms) = preSolution
		Debug|Any CPU = Debug|Any CPU
		Release|Any CPU = Release|Any CPU
	EndGlobalSection
	GlobalSection(ProjectConfigurationPlatforms) = postSolution
		{FDBED4F4-3F6A-451A-BCD1-BD69B77D8754}.Debug|Any CPU.ActiveCfg = Debug|Any CPU
		{FDBED4F4-3F6A-451A-BCD1-BD69B77D8754}.Debug|Any CPU.Build.0 = Debug|Any CPU
		{FDBED4F4-3F6A-451A-BCD1-BD69B77D8754}.Debug|Any CPU.Deploy.0 = Debug|Any CPU
		{FDBED4F4-3F6A-451A-BCD1-BD69B77D8754}.Release|Any CPU.ActiveCfg = Release|Any CPU
		{FDBED4F4-3F6A-451A-BCD1-BD69B77D8754}.Release|Any CPU.Build.0 = Release|Any CPU
		{FDBED4F4-3F6A-451A-BCD1-BD69B77D8754}.Release|Any CPU.Deploy.0 = Release|Any CPU
		{038DA9F9-D982-4ADF-852C-D68C8894705E}.Debug|Any CPU.ActiveCfg = Debug|Any CPU
		{038DA9F9-D982-4ADF-852C-D68C8894705E}.Debug|Any CPU.Build.0 = Debug|Any CPU
		{038DA9F9-D982-4ADF-852C-D68C8894705E}.Release|Any CPU.ActiveCfg = Release|Any CPU
		{038DA9F9-D982-4ADF-852C-D68C8894705E}.Release|Any CPU.Build.0 = Release|Any CPU
	EndGlobalSection
	GlobalSection(SolutionProperties) = preSolution
		HideSolutionNode = FALSE
	EndGlobalSection
EndGlobal
