// !$*UTF8*$!
{
	archiveVersion = 1;
	classes = {
	};
	objectVersion = 46;
	objects = {

/* Begin PBXBuildFile section */
		4336991D18B4862D00A424B7 /* Security.framework in Frameworks */ = {isa = PBXBuildFile; fileRef = 4336991C18B4862D00A424B7 /* Security.framework */; };
		4336991F18B4863300A424B7 /* MessageUI.framework in Frameworks */ = {isa = PBXBuildFile; fileRef = 4336991E18B4863300A424B7 /* MessageUI.framework */; };
		435D1FFB18B47703005CACAC /* PushAirExtension.h in Headers */ = {isa = PBXBuildFile; fileRef = 435D1FF918B47703005CACAC /* PushAirExtension.h */; };
		435D1FFC18B47703005CACAC /* PushAirExtension.m in Sources */ = {isa = PBXBuildFile; fileRef = 435D1FFA18B47703005CACAC /* PushAirExtension.m */; };
		50A2B583187BE06A00AE909D /* FlashRuntimeExtensions.h in Headers */ = {isa = PBXBuildFile; fileRef = 50A2B582187BE06A00AE909D /* FlashRuntimeExtensions.h */; };
		50CCFBD418B51E9600B3E1E9 /* PushNotificationManager.h in Headers */ = {isa = PBXBuildFile; fileRef = 50CCFBD318B51E9600B3E1E9 /* PushNotificationManager.h */; };
		50CCFBD618B51EA400B3E1E9 /* Pushwoosh in Frameworks */ = {isa = PBXBuildFile; fileRef = 50CCFBD518B51EA400B3E1E9 /* Pushwoosh */; };
		A4519C2F15C80D2200012F17 /* CoreLocation.framework in Frameworks */ = {isa = PBXBuildFile; fileRef = A4519C2E15C80D2200012F17 /* CoreLocation.framework */; };
		AA747D9F0F9514B9006C5449 /* PushNotificationManager_Prefix.pch in Headers */ = {isa = PBXBuildFile; fileRef = AA747D9E0F9514B9006C5449 /* PushNotificationManager_Prefix.pch */; };
		AACBBE4A0F95108600F1A2B1 /* Foundation.framework in Frameworks */ = {isa = PBXBuildFile; fileRef = AACBBE490F95108600F1A2B1 /* Foundation.framework */; };
/* End PBXBuildFile section */

/* Begin PBXFileReference section */
		4336991C18B4862D00A424B7 /* Security.framework */ = {isa = PBXFileReference; lastKnownFileType = wrapper.framework; name = Security.framework; path = System/Library/Frameworks/Security.framework; sourceTree = SDKROOT; };
		4336991E18B4863300A424B7 /* MessageUI.framework */ = {isa = PBXFileReference; lastKnownFileType = wrapper.framework; name = MessageUI.framework; path = System/Library/Frameworks/MessageUI.framework; sourceTree = SDKROOT; };
		435D1FF918B47703005CACAC /* PushAirExtension.h */ = {isa = PBXFileReference; fileEncoding = 4; lastKnownFileType = sourcecode.c.h; name = PushAirExtension.h; path = PushNotification/PushAirExtension.h; sourceTree = "<group>"; };
		435D1FFA18B47703005CACAC /* PushAirExtension.m */ = {isa = PBXFileReference; fileEncoding = 4; lastKnownFileType = sourcecode.c.objc; name = PushAirExtension.m; path = PushNotification/PushAirExtension.m; sourceTree = "<group>"; };
		50A2B582187BE06A00AE909D /* FlashRuntimeExtensions.h */ = {isa = PBXFileReference; fileEncoding = 4; lastKnownFileType = sourcecode.c.h; path = FlashRuntimeExtensions.h; sourceTree = "<group>"; };
		50CCFBD318B51E9600B3E1E9 /* PushNotificationManager.h */ = {isa = PBXFileReference; fileEncoding = 4; lastKnownFileType = sourcecode.c.h; name = PushNotificationManager.h; path = PushNotification/Pushwoosh.framework/Versions/A/Headers/PushNotificationManager.h; sourceTree = "<group>"; };
		50CCFBD518B51EA400B3E1E9 /* Pushwoosh */ = {isa = PBXFileReference; lastKnownFileType = archive.ar; name = Pushwoosh; path = PushNotification/Pushwoosh.framework/Versions/A/Pushwoosh; sourceTree = "<group>"; };
		A4519C2E15C80D2200012F17 /* CoreLocation.framework */ = {isa = PBXFileReference; lastKnownFileType = wrapper.framework; name = CoreLocation.framework; path = System/Library/Frameworks/CoreLocation.framework; sourceTree = SDKROOT; };
		AA747D9E0F9514B9006C5449 /* PushNotificationManager_Prefix.pch */ = {isa = PBXFileReference; fileEncoding = 4; lastKnownFileType = sourcecode.c.h; path = PushNotificationManager_Prefix.pch; sourceTree = SOURCE_ROOT; };
		AACBBE490F95108600F1A2B1 /* Foundation.framework */ = {isa = PBXFileReference; lastKnownFileType = wrapper.framework; name = Foundation.framework; path = System/Library/Frameworks/Foundation.framework; sourceTree = SDKROOT; };
		D2AAC07E0554694100DB518D /* libPushNotification.a */ = {isa = PBXFileReference; explicitFileType = archive.ar; includeInIndex = 0; path = libPushNotification.a; sourceTree = BUILT_PRODUCTS_DIR; };
/* End PBXFileReference section */

/* Begin PBXFrameworksBuildPhase section */
		D2AAC07C0554694100DB518D /* Frameworks */ = {
			isa = PBXFrameworksBuildPhase;
			buildActionMask = 2147483647;
			files = (
				4336991F18B4863300A424B7 /* MessageUI.framework in Frameworks */,
				4336991D18B4862D00A424B7 /* Security.framework in Frameworks */,
				A4519C2F15C80D2200012F17 /* CoreLocation.framework in Frameworks */,
				50CCFBD618B51EA400B3E1E9 /* Pushwoosh in Frameworks */,
				AACBBE4A0F95108600F1A2B1 /* Foundation.framework in Frameworks */,
			);
			runOnlyForDeploymentPostprocessing = 0;
		};
/* End PBXFrameworksBuildPhase section */

/* Begin PBXGroup section */
		034768DFFF38A50411DB9C8B /* Products */ = {
			isa = PBXGroup;
			children = (
				D2AAC07E0554694100DB518D /* libPushNotification.a */,
			);
			name = Products;
			sourceTree = "<group>";
		};
		0867D691FE84028FC02AAC07 /* PushNotificationManager */ = {
			isa = PBXGroup;
			children = (
				08FB77AEFE84172EC02AAC07 /* Extension */,
				32C88DFF0371C24200C91783 /* Other Sources */,
				0867D69AFE84028FC02AAC07 /* Frameworks */,
				034768DFFF38A50411DB9C8B /* Products */,
			);
			name = PushNotificationManager;
			sourceTree = "<group>";
		};
		0867D69AFE84028FC02AAC07 /* Frameworks */ = {
			isa = PBXGroup;
			children = (
				50CCFBD518B51EA400B3E1E9 /* Pushwoosh */,
				4336991E18B4863300A424B7 /* MessageUI.framework */,
				4336991C18B4862D00A424B7 /* Security.framework */,
				A4519C2E15C80D2200012F17 /* CoreLocation.framework */,
				AACBBE490F95108600F1A2B1 /* Foundation.framework */,
			);
			name = Frameworks;
			sourceTree = "<group>";
		};
		08FB77AEFE84172EC02AAC07 /* Extension */ = {
			isa = PBXGroup;
			children = (
				50CCFBD318B51E9600B3E1E9 /* PushNotificationManager.h */,
				435D1FF918B47703005CACAC /* PushAirExtension.h */,
				435D1FFA18B47703005CACAC /* PushAirExtension.m */,
			);
			name = Extension;
			sourceTree = "<group>";
		};
		32C88DFF0371C24200C91783 /* Other Sources */ = {
			isa = PBXGroup;
			children = (
				50A2B582187BE06A00AE909D /* FlashRuntimeExtensions.h */,
				AA747D9E0F9514B9006C5449 /* PushNotificationManager_Prefix.pch */,
			);
			name = "Other Sources";
			sourceTree = "<group>";
		};
/* End PBXGroup section */

/* Begin PBXHeadersBuildPhase section */
		D2AAC07A0554694100DB518D /* Headers */ = {
			isa = PBXHeadersBuildPhase;
			buildActionMask = 2147483647;
			files = (
				435D1FFB18B47703005CACAC /* PushAirExtension.h in Headers */,
				50CCFBD418B51E9600B3E1E9 /* PushNotificationManager.h in Headers */,
				AA747D9F0F9514B9006C5449 /* PushNotificationManager_Prefix.pch in Headers */,
				50A2B583187BE06A00AE909D /* FlashRuntimeExtensions.h in Headers */,
			);
			runOnlyForDeploymentPostprocessing = 0;
		};
/* End PBXHeadersBuildPhase section */

/* Begin PBXNativeTarget section */
		D2AAC07D0554694100DB518D /* PushNotificationManager */ = {
			isa = PBXNativeTarget;
			buildConfigurationList = 1DEB921E08733DC00010E9CD /* Build configuration list for PBXNativeTarget "PushNotificationManager" */;
			buildPhases = (
				D2AAC07A0554694100DB518D /* Headers */,
				D2AAC07B0554694100DB518D /* Sources */,
				D2AAC07C0554694100DB518D /* Frameworks */,
			);
			buildRules = (
			);
			dependencies = (
			);
			name = PushNotificationManager;
			productName = PushNotificationManager;
			productReference = D2AAC07E0554694100DB518D /* libPushNotification.a */;
			productType = "com.apple.product-type.library.static";
		};
/* End PBXNativeTarget section */

/* Begin PBXProject section */
		0867D690FE84028FC02AAC07 /* Project object */ = {
			isa = PBXProject;
			attributes = {
				LastUpgradeCheck = 0460;
			};
			buildConfigurationList = 1DEB922208733DC00010E9CD /* Build configuration list for PBXProject "PushNotification" */;
			compatibilityVersion = "Xcode 3.2";
			developmentRegion = English;
			hasScannedForEncodings = 1;
			knownRegions = (
				English,
				Japanese,
				French,
				German,
			);
			mainGroup = 0867D691FE84028FC02AAC07 /* PushNotificationManager */;
			productRefGroup = 034768DFFF38A50411DB9C8B /* Products */;
			projectDirPath = "";
			projectRoot = "";
			targets = (
				D2AAC07D0554694100DB518D /* PushNotificationManager */,
			);
		};
/* End PBXProject section */

/* Begin PBXSourcesBuildPhase section */
		D2AAC07B0554694100DB518D /* Sources */ = {
			isa = PBXSourcesBuildPhase;
			buildActionMask = 2147483647;
			files = (
				435D1FFC18B47703005CACAC /* PushAirExtension.m in Sources */,
			);
			runOnlyForDeploymentPostprocessing = 0;
		};
/* End PBXSourcesBuildPhase section */

/* Begin XCBuildConfiguration section */
		1DEB921F08733DC00010E9CD /* Debug */ = {
			isa = XCBuildConfiguration;
			buildSettings = {
				ALWAYS_SEARCH_USER_PATHS = NO;
				CLANG_ENABLE_OBJC_ARC = YES;
				COPY_PHASE_STRIP = NO;
				DSTROOT = /tmp/PushNotificationManager.dst;
				FRAMEWORK_SEARCH_PATHS = (
					"$(inherited)",
					PushNotification,
				);
				GCC_DYNAMIC_NO_PIC = NO;
				GCC_MODEL_TUNING = G5;
				GCC_OPTIMIZATION_LEVEL = 0;
				GCC_PRECOMPILE_PREFIX_HEADER = YES;
				GCC_PREFIX_HEADER = PushNotificationManager_Prefix.pch;
				GCC_THUMB_SUPPORT = NO;
				INSTALL_PATH = /usr/local/lib;
				LIBRARY_SEARCH_PATHS = (
					"$(inherited)",
					PushNotification/Pushwoosh.framework/Versions/A,
				);
				PRODUCT_NAME = PushNotification;
				SKIP_INSTALL = YES;
			};
			name = Debug;
		};
		1DEB922008733DC00010E9CD /* Release */ = {
			isa = XCBuildConfiguration;
			buildSettings = {
				ALWAYS_SEARCH_USER_PATHS = NO;
				CLANG_ENABLE_OBJC_ARC = YES;
				DSTROOT = /tmp/PushNotificationManager.dst;
				FRAMEWORK_SEARCH_PATHS = (
					"$(inherited)",
					PushNotification,
				);
				GCC_MODEL_TUNING = G5;
				GCC_PRECOMPILE_PREFIX_HEADER = YES;
				GCC_PREFIX_HEADER = PushNotificationManager_Prefix.pch;
				GCC_THUMB_SUPPORT = NO;
				INSTALL_PATH = /usr/local/lib;
				LIBRARY_SEARCH_PATHS = (
					"$(inherited)",
					PushNotification/Pushwoosh.framework/Versions/A,
				);
				PRODUCT_NAME = PushNotification;
				SKIP_INSTALL = YES;
			};
			name = Release;
		};
		1DEB922308733DC00010E9CD /* Debug */ = {
			isa = XCBuildConfiguration;
			buildSettings = {
				GCC_C_LANGUAGE_STANDARD = c99;
				GCC_OPTIMIZATION_LEVEL = 0;
				GCC_THUMB_SUPPORT = NO;
				GCC_VERSION = com.apple.compilers.llvm.clang.1_0;
				GCC_WARN_ABOUT_RETURN_TYPE = YES;
				GCC_WARN_UNUSED_VARIABLE = YES;
				IPHONEOS_DEPLOYMENT_TARGET = 5.0;
				OTHER_LDFLAGS = "-ObjC";
				SDKROOT = iphoneos;
			};
			name = Debug;
		};
		1DEB922408733DC00010E9CD /* Release */ = {
			isa = XCBuildConfiguration;
			buildSettings = {
				GCC_C_LANGUAGE_STANDARD = c99;
				GCC_THUMB_SUPPORT = NO;
				GCC_VERSION = com.apple.compilers.llvm.clang.1_0;
				GCC_WARN_ABOUT_RETURN_TYPE = YES;
				GCC_WARN_UNUSED_VARIABLE = YES;
				IPHONEOS_DEPLOYMENT_TARGET = 5.0;
				OTHER_LDFLAGS = "-ObjC";
				SDKROOT = iphoneos;
			};
			name = Release;
		};
/* End XCBuildConfiguration section */

/* Begin XCConfigurationList section */
		1DEB921E08733DC00010E9CD /* Build configuration list for PBXNativeTarget "PushNotificationManager" */ = {
			isa = XCConfigurationList;
			buildConfigurations = (
				1DEB921F08733DC00010E9CD /* Debug */,
				1DEB922008733DC00010E9CD /* Release */,
			);
			defaultConfigurationIsVisible = 0;
			defaultConfigurationName = Release;
		};
		1DEB922208733DC00010E9CD /* Build configuration list for PBXProject "PushNotification" */ = {
			isa = XCConfigurationList;
			buildConfigurations = (
				1DEB922308733DC00010E9CD /* Debug */,
				1DEB922408733DC00010E9CD /* Release */,
			);
			defaultConfigurationIsVisible = 0;
			defaultConfigurationName = Release;
		};
/* End XCConfigurationList section */
	};
	rootObject = 0867D690FE84028FC02AAC07 /* Project object */;
}
